// !$*UTF8*$!
{
	archiveVersion = 1;
	classes = {
	};
	objectVersion = 46;
	objects = {

/* Begin PBXBuildFile section */
		8328185D1A81DE540073ED69 /* SearchCollectionViewCell.m in Sources */ = {isa = PBXBuildFile; fileRef = 8328185C1A81DE540073ED69 /* SearchCollectionViewCell.m */; };
		832818601A81E94A0073ED69 /* ProfileCollectionViewCell.m in Sources */ = {isa = PBXBuildFile; fileRef = 8328185F1A81E94A0073ED69 /* ProfileCollectionViewCell.m */; };
		8332C5A51A81D19700DFF26C /* CircleViewController.m in Sources */ = {isa = PBXBuildFile; fileRef = 8332C5A41A81D19700DFF26C /* CircleViewController.m */; };
		8332C5A81A81DA4300DFF26C /* SearchViewController.m in Sources */ = {isa = PBXBuildFile; fileRef = 8332C5A71A81DA4300DFF26C /* SearchViewController.m */; };
		833618AD1A80324B0040D815 /* main.m in Sources */ = {isa = PBXBuildFile; fileRef = 833618AC1A80324B0040D815 /* main.m */; };
		833618B01A80324B0040D815 /* AppDelegate.m in Sources */ = {isa = PBXBuildFile; fileRef = 833618AF1A80324B0040D815 /* AppDelegate.m */; };
		833618B61A80324B0040D815 /* Main.storyboard in Resources */ = {isa = PBXBuildFile; fileRef = 833618B41A80324B0040D815 /* Main.storyboard */; };
		833618B81A80324B0040D815 /* Images.xcassets in Resources */ = {isa = PBXBuildFile; fileRef = 833618B71A80324B0040D815 /* Images.xcassets */; };
		833618BB1A80324B0040D815 /* LaunchScreen.xib in Resources */ = {isa = PBXBuildFile; fileRef = 833618B91A80324B0040D815 /* LaunchScreen.xib */; };
		833618C71A80324B0040D815 /* DollygramTests.m in Sources */ = {isa = PBXBuildFile; fileRef = 833618C61A80324B0040D815 /* DollygramTests.m */; };
		833618D41A8037140040D815 /* LoginViewController.m in Sources */ = {isa = PBXBuildFile; fileRef = 833618D31A8037140040D815 /* LoginViewController.m */; };
		833618D71A80371E0040D815 /* SignUpViewController.m in Sources */ = {isa = PBXBuildFile; fileRef = 833618D61A80371E0040D815 /* SignUpViewController.m */; };
		833618DA1A80372B0040D815 /* ProfileViewController.m in Sources */ = {isa = PBXBuildFile; fileRef = 833618D91A80372B0040D815 /* ProfileViewController.m */; };
		833618E11A8037460040D815 /* Bolts.framework in Frameworks */ = {isa = PBXBuildFile; fileRef = 833618DC1A8037460040D815 /* Bolts.framework */; };
		833618E21A8037460040D815 /* Parse.framework in Frameworks */ = {isa = PBXBuildFile; fileRef = 833618DD1A8037460040D815 /* Parse.framework */; };
		833618E31A8037460040D815 /* ParseCrashReporting.framework in Frameworks */ = {isa = PBXBuildFile; fileRef = 833618DE1A8037460040D815 /* ParseCrashReporting.framework */; };
		833618E41A8037460040D815 /* ParseFacebookUtils.framework in Frameworks */ = {isa = PBXBuildFile; fileRef = 833618DF1A8037460040D815 /* ParseFacebookUtils.framework */; };
		833618E51A8037460040D815 /* ParseUI.framework in Frameworks */ = {isa = PBXBuildFile; fileRef = 833618E01A8037460040D815 /* ParseUI.framework */; };
		833618E81A8039900040D815 /* SettingsViewController.m in Sources */ = {isa = PBXBuildFile; fileRef = 833618E71A8039900040D815 /* SettingsViewController.m */; };
		833618F61A803BFE0040D815 /* Accounts.framework in Frameworks */ = {isa = PBXBuildFile; fileRef = 833618E91A803BFE0040D815 /* Accounts.framework */; };
		833618F71A803BFE0040D815 /* AudioToolbox.framework in Frameworks */ = {isa = PBXBuildFile; fileRef = 833618EA1A803BFE0040D815 /* AudioToolbox.framework */; };
		833618F81A803BFE0040D815 /* CFNetwork.framework in Frameworks */ = {isa = PBXBuildFile; fileRef = 833618EB1A803BFE0040D815 /* CFNetwork.framework */; };
		833618F91A803BFE0040D815 /* CoreGraphics.framework in Frameworks */ = {isa = PBXBuildFile; fileRef = 833618EC1A803BFE0040D815 /* CoreGraphics.framework */; };
		833618FA1A803BFE0040D815 /* CoreLocation.framework in Frameworks */ = {isa = PBXBuildFile; fileRef = 833618ED1A803BFE0040D815 /* CoreLocation.framework */; };
		833618FB1A803BFE0040D815 /* libsqlite3.dylib in Frameworks */ = {isa = PBXBuildFile; fileRef = 833618EE1A803BFE0040D815 /* libsqlite3.dylib */; };
		833618FC1A803BFE0040D815 /* libz.dylib in Frameworks */ = {isa = PBXBuildFile; fileRef = 833618EF1A803BFE0040D815 /* libz.dylib */; };
		833618FD1A803BFE0040D815 /* MobileCoreServices.framework in Frameworks */ = {isa = PBXBuildFile; fileRef = 833618F01A803BFE0040D815 /* MobileCoreServices.framework */; };
		833618FE1A803BFE0040D815 /* QuartzCore.framework in Frameworks */ = {isa = PBXBuildFile; fileRef = 833618F11A803BFE0040D815 /* QuartzCore.framework */; };
		833618FF1A803BFE0040D815 /* Security.framework in Frameworks */ = {isa = PBXBuildFile; fileRef = 833618F21A803BFE0040D815 /* Security.framework */; };
		833619001A803BFE0040D815 /* Social.framework in Frameworks */ = {isa = PBXBuildFile; fileRef = 833618F31A803BFE0040D815 /* Social.framework */; };
		833619011A803BFE0040D815 /* StoreKit.framework in Frameworks */ = {isa = PBXBuildFile; fileRef = 833618F41A803BFE0040D815 /* StoreKit.framework */; };
		833619021A803BFE0040D815 /* SystemConfiguration.framework in Frameworks */ = {isa = PBXBuildFile; fileRef = 833618F51A803BFE0040D815 /* SystemConfiguration.framework */; };
		8336190B1A8062C30040D815 /* PictureViewController.m in Sources */ = {isa = PBXBuildFile; fileRef = 833619081A8062C30040D815 /* PictureViewController.m */; };
		8336190C1A8062C30040D815 /* ApprovalViewController.m in Sources */ = {isa = PBXBuildFile; fileRef = 8336190A1A8062C30040D815 /* ApprovalViewController.m */; };
		8336190F1A806B390040D815 /* SharePhotoViewController.m in Sources */ = {isa = PBXBuildFile; fileRef = 8336190E1A806B390040D815 /* SharePhotoViewController.m */; };
		838436C31A8184FD00D0AF7E /* HomeFeedViewController.m in Sources */ = {isa = PBXBuildFile; fileRef = 838436C21A8184FD00D0AF7E /* HomeFeedViewController.m */; };
		838436C71A81A9E800D0AF7E /* CustomTableViewCell.m in Sources */ = {isa = PBXBuildFile; fileRef = 838436C61A81A9E800D0AF7E /* CustomTableViewCell.m */; };
/* End PBXBuildFile section */

/* Begin PBXContainerItemProxy section */
		833618C11A80324B0040D815 /* PBXContainerItemProxy */ = {
			isa = PBXContainerItemProxy;
			containerPortal = 8336189F1A80324B0040D815 /* Project object */;
			proxyType = 1;
			remoteGlobalIDString = 833618A61A80324B0040D815;
			remoteInfo = Dollygram;
		};
/* End PBXContainerItemProxy section */

/* Begin PBXFileReference section */
		8328185B1A81DE540073ED69 /* SearchCollectionViewCell.h */ = {isa = PBXFileReference; fileEncoding = 4; lastKnownFileType = sourcecode.c.h; path = SearchCollectionViewCell.h; sourceTree = "<group>"; };
		8328185C1A81DE540073ED69 /* SearchCollectionViewCell.m */ = {isa = PBXFileReference; fileEncoding = 4; lastKnownFileType = sourcecode.c.objc; path = SearchCollectionViewCell.m; sourceTree = "<group>"; };
		8328185E1A81E94A0073ED69 /* ProfileCollectionViewCell.h */ = {isa = PBXFileReference; fileEncoding = 4; lastKnownFileType = sourcecode.c.h; path = ProfileCollectionViewCell.h; sourceTree = "<group>"; };
		8328185F1A81E94A0073ED69 /* ProfileCollectionViewCell.m */ = {isa = PBXFileReference; fileEncoding = 4; lastKnownFileType = sourcecode.c.objc; path = ProfileCollectionViewCell.m; sourceTree = "<group>"; };
		8332C5A31A81D19700DFF26C /* CircleViewController.h */ = {isa = PBXFileReference; fileEncoding = 4; lastKnownFileType = sourcecode.c.h; path = CircleViewController.h; sourceTree = "<group>"; };
		8332C5A41A81D19700DFF26C /* CircleViewController.m */ = {isa = PBXFileReference; fileEncoding = 4; lastKnownFileType = sourcecode.c.objc; path = CircleViewController.m; sourceTree = "<group>"; };
		8332C5A61A81DA4300DFF26C /* SearchViewController.h */ = {isa = PBXFileReference; fileEncoding = 4; lastKnownFileType = sourcecode.c.h; path = SearchViewController.h; sourceTree = "<group>"; };
		8332C5A71A81DA4300DFF26C /* SearchViewController.m */ = {isa = PBXFileReference; fileEncoding = 4; lastKnownFileType = sourcecode.c.objc; path = SearchViewController.m; sourceTree = "<group>"; };
		833618A71A80324B0040D815 /* Dollygram.app */ = {isa = PBXFileReference; explicitFileType = wrapper.application; includeInIndex = 0; path = Dollygram.app; sourceTree = BUILT_PRODUCTS_DIR; };
		833618AB1A80324B0040D815 /* Info.plist */ = {isa = PBXFileReference; lastKnownFileType = text.plist.xml; path = Info.plist; sourceTree = "<group>"; };
		833618AC1A80324B0040D815 /* main.m */ = {isa = PBXFileReference; lastKnownFileType = sourcecode.c.objc; path = main.m; sourceTree = "<group>"; };
		833618AE1A80324B0040D815 /* AppDelegate.h */ = {isa = PBXFileReference; lastKnownFileType = sourcecode.c.h; path = AppDelegate.h; sourceTree = "<group>"; };
		833618AF1A80324B0040D815 /* AppDelegate.m */ = {isa = PBXFileReference; lastKnownFileType = sourcecode.c.objc; path = AppDelegate.m; sourceTree = "<group>"; };
		833618B51A80324B0040D815 /* Base */ = {isa = PBXFileReference; lastKnownFileType = file.storyboard; name = Base; path = Base.lproj/Main.storyboard; sourceTree = "<group>"; };
		833618B71A80324B0040D815 /* Images.xcassets */ = {isa = PBXFileReference; lastKnownFileType = folder.assetcatalog; path = Images.xcassets; sourceTree = "<group>"; };
		833618BA1A80324B0040D815 /* Base */ = {isa = PBXFileReference; lastKnownFileType = file.xib; name = Base; path = Base.lproj/LaunchScreen.xib; sourceTree = "<group>"; };
		833618C01A80324B0040D815 /* DollygramTests.xctest */ = {isa = PBXFileReference; explicitFileType = wrapper.cfbundle; includeInIndex = 0; path = DollygramTests.xctest; sourceTree = BUILT_PRODUCTS_DIR; };
		833618C51A80324B0040D815 /* Info.plist */ = {isa = PBXFileReference; lastKnownFileType = text.plist.xml; path = Info.plist; sourceTree = "<group>"; };
		833618C61A80324B0040D815 /* DollygramTests.m */ = {isa = PBXFileReference; lastKnownFileType = sourcecode.c.objc; path = DollygramTests.m; sourceTree = "<group>"; };
		833618D21A8037140040D815 /* LoginViewController.h */ = {isa = PBXFileReference; fileEncoding = 4; lastKnownFileType = sourcecode.c.h; path = LoginViewController.h; sourceTree = "<group>"; };
		833618D31A8037140040D815 /* LoginViewController.m */ = {isa = PBXFileReference; fileEncoding = 4; lastKnownFileType = sourcecode.c.objc; path = LoginViewController.m; sourceTree = "<group>"; };
		833618D51A80371E0040D815 /* SignUpViewController.h */ = {isa = PBXFileReference; fileEncoding = 4; lastKnownFileType = sourcecode.c.h; path = SignUpViewController.h; sourceTree = "<group>"; };
		833618D61A80371E0040D815 /* SignUpViewController.m */ = {isa = PBXFileReference; fileEncoding = 4; lastKnownFileType = sourcecode.c.objc; path = SignUpViewController.m; sourceTree = "<group>"; };
		833618D81A80372B0040D815 /* ProfileViewController.h */ = {isa = PBXFileReference; fileEncoding = 4; lastKnownFileType = sourcecode.c.h; path = ProfileViewController.h; sourceTree = "<group>"; };
		833618D91A80372B0040D815 /* ProfileViewController.m */ = {isa = PBXFileReference; fileEncoding = 4; lastKnownFileType = sourcecode.c.objc; path = ProfileViewController.m; sourceTree = "<group>"; };
		833618DC1A8037460040D815 /* Bolts.framework */ = {isa = PBXFileReference; lastKnownFileType = wrapper.framework; name = Bolts.framework; path = "parse-library-1/Bolts.framework"; sourceTree = "<group>"; };
		833618DD1A8037460040D815 /* Parse.framework */ = {isa = PBXFileReference; lastKnownFileType = wrapper.framework; name = Parse.framework; path = "parse-library-1/Parse.framework"; sourceTree = "<group>"; };
		833618DE1A8037460040D815 /* ParseCrashReporting.framework */ = {isa = PBXFileReference; lastKnownFileType = wrapper.framework; path = ParseCrashReporting.framework; sourceTree = "<group>"; };
		833618DF1A8037460040D815 /* ParseFacebookUtils.framework */ = {isa = PBXFileReference; lastKnownFileType = wrapper.framework; path = ParseFacebookUtils.framework; sourceTree = "<group>"; };
		833618E01A8037460040D815 /* ParseUI.framework */ = {isa = PBXFileReference; lastKnownFileType = wrapper.framework; path = ParseUI.framework; sourceTree = "<group>"; };
		833618E61A8039900040D815 /* SettingsViewController.h */ = {isa = PBXFileReference; fileEncoding = 4; lastKnownFileType = sourcecode.c.h; path = SettingsViewController.h; sourceTree = "<group>"; };
		833618E71A8039900040D815 /* SettingsViewController.m */ = {isa = PBXFileReference; fileEncoding = 4; lastKnownFileType = sourcecode.c.objc; path = SettingsViewController.m; sourceTree = "<group>"; };
		833618E91A803BFE0040D815 /* Accounts.framework */ = {isa = PBXFileReference; lastKnownFileType = wrapper.framework; name = Accounts.framework; path = System/Library/Frameworks/Accounts.framework; sourceTree = SDKROOT; };
		833618EA1A803BFE0040D815 /* AudioToolbox.framework */ = {isa = PBXFileReference; lastKnownFileType = wrapper.framework; name = AudioToolbox.framework; path = System/Library/Frameworks/AudioToolbox.framework; sourceTree = SDKROOT; };
		833618EB1A803BFE0040D815 /* CFNetwork.framework */ = {isa = PBXFileReference; lastKnownFileType = wrapper.framework; name = CFNetwork.framework; path = System/Library/Frameworks/CFNetwork.framework; sourceTree = SDKROOT; };
		833618EC1A803BFE0040D815 /* CoreGraphics.framework */ = {isa = PBXFileReference; lastKnownFileType = wrapper.framework; name = CoreGraphics.framework; path = System/Library/Frameworks/CoreGraphics.framework; sourceTree = SDKROOT; };
		833618ED1A803BFE0040D815 /* CoreLocation.framework */ = {isa = PBXFileReference; lastKnownFileType = wrapper.framework; name = CoreLocation.framework; path = System/Library/Frameworks/CoreLocation.framework; sourceTree = SDKROOT; };
		833618EE1A803BFE0040D815 /* libsqlite3.dylib */ = {isa = PBXFileReference; lastKnownFileType = "compiled.mach-o.dylib"; name = libsqlite3.dylib; path = usr/lib/libsqlite3.dylib; sourceTree = SDKROOT; };
		833618EF1A803BFE0040D815 /* libz.dylib */ = {isa = PBXFileReference; lastKnownFileType = "compiled.mach-o.dylib"; name = libz.dylib; path = usr/lib/libz.dylib; sourceTree = SDKROOT; };
		833618F01A803BFE0040D815 /* MobileCoreServices.framework */ = {isa = PBXFileReference; lastKnownFileType = wrapper.framework; name = MobileCoreServices.framework; path = System/Library/Frameworks/MobileCoreServices.framework; sourceTree = SDKROOT; };
		833618F11A803BFE0040D815 /* QuartzCore.framework */ = {isa = PBXFileReference; lastKnownFileType = wrapper.framework; name = QuartzCore.framework; path = System/Library/Frameworks/QuartzCore.framework; sourceTree = SDKROOT; };
		833618F21A803BFE0040D815 /* Security.framework */ = {isa = PBXFileReference; lastKnownFileType = wrapper.framework; name = Security.framework; path = System/Library/Frameworks/Security.framework; sourceTree = SDKROOT; };
		833618F31A803BFE0040D815 /* Social.framework */ = {isa = PBXFileReference; lastKnownFileType = wrapper.framework; name = Social.framework; path = System/Library/Frameworks/Social.framework; sourceTree = SDKROOT; };
		833618F41A803BFE0040D815 /* StoreKit.framework */ = {isa = PBXFileReference; lastKnownFileType = wrapper.framework; name = StoreKit.framework; path = System/Library/Frameworks/StoreKit.framework; sourceTree = SDKROOT; };
		833618F51A803BFE0040D815 /* SystemConfiguration.framework */ = {isa = PBXFileReference; lastKnownFileType = wrapper.framework; name = SystemConfiguration.framework; path = System/Library/Frameworks/SystemConfiguration.framework; sourceTree = SDKROOT; };
		833619071A8062C30040D815 /* PictureViewController.h */ = {isa = PBXFileReference; fileEncoding = 4; lastKnownFileType = sourcecode.c.h; path = PictureViewController.h; sourceTree = "<group>"; };
		833619081A8062C30040D815 /* PictureViewController.m */ = {isa = PBXFileReference; fileEncoding = 4; lastKnownFileType = sourcecode.c.objc; path = PictureViewController.m; sourceTree = "<group>"; };
		833619091A8062C30040D815 /* ApprovalViewController.h */ = {isa = PBXFileReference; fileEncoding = 4; lastKnownFileType = sourcecode.c.h; path = ApprovalViewController.h; sourceTree = "<group>"; };
		8336190A1A8062C30040D815 /* ApprovalViewController.m */ = {isa = PBXFileReference; fileEncoding = 4; lastKnownFileType = sourcecode.c.objc; path = ApprovalViewController.m; sourceTree = "<group>"; };
		8336190D1A806B390040D815 /* SharePhotoViewController.h */ = {isa = PBXFileReference; fileEncoding = 4; lastKnownFileType = sourcecode.c.h; path = SharePhotoViewController.h; sourceTree = "<group>"; };
		8336190E1A806B390040D815 /* SharePhotoViewController.m */ = {isa = PBXFileReference; fileEncoding = 4; lastKnownFileType = sourcecode.c.objc; path = SharePhotoViewController.m; sourceTree = "<group>"; };
		838436C11A8184FD00D0AF7E /* HomeFeedViewController.h */ = {isa = PBXFileReference; fileEncoding = 4; lastKnownFileType = sourcecode.c.h; path = HomeFeedViewController.h; sourceTree = "<group>"; };
		838436C21A8184FD00D0AF7E /* HomeFeedViewController.m */ = {isa = PBXFileReference; fileEncoding = 4; lastKnownFileType = sourcecode.c.objc; path = HomeFeedViewController.m; sourceTree = "<group>"; };
		838436C51A81A9E800D0AF7E /* CustomTableViewCell.h */ = {isa = PBXFileReference; fileEncoding = 4; lastKnownFileType = sourcecode.c.h; path = CustomTableViewCell.h; sourceTree = "<group>"; };
		838436C61A81A9E800D0AF7E /* CustomTableViewCell.m */ = {isa = PBXFileReference; fileEncoding = 4; lastKnownFileType = sourcecode.c.objc; path = CustomTableViewCell.m; sourceTree = "<group>"; };
/* End PBXFileReference section */

/* Begin PBXFrameworksBuildPhase section */
		833618A41A80324B0040D815 /* Frameworks */ = {
			isa = PBXFrameworksBuildPhase;
			buildActionMask = 2147483647;
			files = (
				833618F61A803BFE0040D815 /* Accounts.framework in Frameworks */,
				833618F71A803BFE0040D815 /* AudioToolbox.framework in Frameworks */,
				833618F81A803BFE0040D815 /* CFNetwork.framework in Frameworks */,
				833618F91A803BFE0040D815 /* CoreGraphics.framework in Frameworks */,
				833618FA1A803BFE0040D815 /* CoreLocation.framework in Frameworks */,
				833618FB1A803BFE0040D815 /* libsqlite3.dylib in Frameworks */,
				833618FC1A803BFE0040D815 /* libz.dylib in Frameworks */,
				833618FD1A803BFE0040D815 /* MobileCoreServices.framework in Frameworks */,
				833618FE1A803BFE0040D815 /* QuartzCore.framework in Frameworks */,
				833618FF1A803BFE0040D815 /* Security.framework in Frameworks */,
				833619001A803BFE0040D815 /* Social.framework in Frameworks */,
				833619011A803BFE0040D815 /* StoreKit.framework in Frameworks */,
				833619021A803BFE0040D815 /* SystemConfiguration.framework in Frameworks */,
				833618E21A8037460040D815 /* Parse.framework in Frameworks */,
				833618E31A8037460040D815 /* ParseCrashReporting.framework in Frameworks */,
				833618E51A8037460040D815 /* ParseUI.framework in Frameworks */,
				833618E41A8037460040D815 /* ParseFacebookUtils.framework in Frameworks */,
				833618E11A8037460040D815 /* Bolts.framework in Frameworks */,
			);
			runOnlyForDeploymentPostprocessing = 0;
		};
		833618BD1A80324B0040D815 /* Frameworks */ = {
			isa = PBXFrameworksBuildPhase;
			buildActionMask = 2147483647;
			files = (
			);
			runOnlyForDeploymentPostprocessing = 0;
		};
/* End PBXFrameworksBuildPhase section */

/* Begin PBXGroup section */
		8336189E1A80324B0040D815 = {
			isa = PBXGroup;
			children = (
				833618A91A80324B0040D815 /* Dollygram */,
				833618C31A80324B0040D815 /* DollygramTests */,
				833618A81A80324B0040D815 /* Products */,
			);
			sourceTree = "<group>";
		};
		833618A81A80324B0040D815 /* Products */ = {
			isa = PBXGroup;
			children = (
				833618A71A80324B0040D815 /* Dollygram.app */,
				833618C01A80324B0040D815 /* DollygramTests.xctest */,
			);
			name = Products;
			sourceTree = "<group>";
		};
		833618A91A80324B0040D815 /* Dollygram */ = {
			isa = PBXGroup;
			children = (
				838436C41A81A9CA00D0AF7E /* Model */,
				833618AE1A80324B0040D815 /* AppDelegate.h */,
				833618AF1A80324B0040D815 /* AppDelegate.m */,
				833618B41A80324B0040D815 /* Main.storyboard */,
				8328185E1A81E94A0073ED69 /* ProfileCollectionViewCell.h */,
				8328185F1A81E94A0073ED69 /* ProfileCollectionViewCell.m */,
				8332C5A31A81D19700DFF26C /* CircleViewController.h */,
				8332C5A41A81D19700DFF26C /* CircleViewController.m */,
				8336190D1A806B390040D815 /* SharePhotoViewController.h */,
				8336190E1A806B390040D815 /* SharePhotoViewController.m */,
				8332C5A61A81DA4300DFF26C /* SearchViewController.h */,
				8332C5A71A81DA4300DFF26C /* SearchViewController.m */,
				833618E61A8039900040D815 /* SettingsViewController.h */,
				833618E71A8039900040D815 /* SettingsViewController.m */,
				833619071A8062C30040D815 /* PictureViewController.h */,
				833619081A8062C30040D815 /* PictureViewController.m */,
				833619091A8062C30040D815 /* ApprovalViewController.h */,
				8336190A1A8062C30040D815 /* ApprovalViewController.m */,
				833618D21A8037140040D815 /* LoginViewController.h */,
				833618D31A8037140040D815 /* LoginViewController.m */,
				838436C11A8184FD00D0AF7E /* HomeFeedViewController.h */,
				838436C21A8184FD00D0AF7E /* HomeFeedViewController.m */,
				833618D51A80371E0040D815 /* SignUpViewController.h */,
				833618D61A80371E0040D815 /* SignUpViewController.m */,
				833618D81A80372B0040D815 /* ProfileViewController.h */,
				833618D91A80372B0040D815 /* ProfileViewController.m */,
				833618B71A80324B0040D815 /* Images.xcassets */,
				833618B91A80324B0040D815 /* LaunchScreen.xib */,
				833618AA1A80324B0040D815 /* Supporting Files */,
			);
			path = Dollygram;
			sourceTree = "<group>";
		};
		833618AA1A80324B0040D815 /* Supporting Files */ = {
			isa = PBXGroup;
			children = (
				833618E91A803BFE0040D815 /* Accounts.framework */,
				833618EA1A803BFE0040D815 /* AudioToolbox.framework */,
				833618EB1A803BFE0040D815 /* CFNetwork.framework */,
				833618EC1A803BFE0040D815 /* CoreGraphics.framework */,
				833618ED1A803BFE0040D815 /* CoreLocation.framework */,
				833618EE1A803BFE0040D815 /* libsqlite3.dylib */,
				833618EF1A803BFE0040D815 /* libz.dylib */,
				833618F01A803BFE0040D815 /* MobileCoreServices.framework */,
				833618F11A803BFE0040D815 /* QuartzCore.framework */,
				833618F21A803BFE0040D815 /* Security.framework */,
				833618F31A803BFE0040D815 /* Social.framework */,
				833618F41A803BFE0040D815 /* StoreKit.framework */,
				833618F51A803BFE0040D815 /* SystemConfiguration.framework */,
				833618DC1A8037460040D815 /* Bolts.framework */,
				833618DD1A8037460040D815 /* Parse.framework */,
				833618DB1A8037460040D815 /* parse-library-1 */,
				833618AB1A80324B0040D815 /* Info.plist */,
				833618AC1A80324B0040D815 /* main.m */,
			);
			name = "Supporting Files";
			sourceTree = "<group>";
		};
		833618C31A80324B0040D815 /* DollygramTests */ = {
			isa = PBXGroup;
			children = (
				833618C61A80324B0040D815 /* DollygramTests.m */,
				833618C41A80324B0040D815 /* Supporting Files */,
			);
			path = DollygramTests;
			sourceTree = "<group>";
		};
		833618C41A80324B0040D815 /* Supporting Files */ = {
			isa = PBXGroup;
			children = (
				833618C51A80324B0040D815 /* Info.plist */,
			);
			name = "Supporting Files";
			sourceTree = "<group>";
		};
		833618DB1A8037460040D815 /* parse-library-1 */ = {
			isa = PBXGroup;
			children = (
				833618DE1A8037460040D815 /* ParseCrashReporting.framework */,
				833618DF1A8037460040D815 /* ParseFacebookUtils.framework */,
				833618E01A8037460040D815 /* ParseUI.framework */,
			);
			path = "parse-library-1";
			sourceTree = "<group>";
		};
		838436C41A81A9CA00D0AF7E /* Model */ = {
			isa = PBXGroup;
			children = (
				838436C51A81A9E800D0AF7E /* CustomTableViewCell.h */,
				838436C61A81A9E800D0AF7E /* CustomTableViewCell.m */,
				8328185B1A81DE540073ED69 /* SearchCollectionViewCell.h */,
				8328185C1A81DE540073ED69 /* SearchCollectionViewCell.m */,
			);
			name = Model;
			sourceTree = "<group>";
		};
/* End PBXGroup section */

/* Begin PBXNativeTarget section */
		833618A61A80324B0040D815 /* Dollygram */ = {
			isa = PBXNativeTarget;
			buildConfigurationList = 833618CA1A80324B0040D815 /* Build configuration list for PBXNativeTarget "Dollygram" */;
			buildPhases = (
				833618A31A80324B0040D815 /* Sources */,
				833618A41A80324B0040D815 /* Frameworks */,
				833618A51A80324B0040D815 /* Resources */,
			);
			buildRules = (
			);
			dependencies = (
			);
			name = Dollygram;
			productName = Dollygram;
			productReference = 833618A71A80324B0040D815 /* Dollygram.app */;
			productType = "com.apple.product-type.application";
		};
		833618BF1A80324B0040D815 /* DollygramTests */ = {
			isa = PBXNativeTarget;
			buildConfigurationList = 833618CD1A80324B0040D815 /* Build configuration list for PBXNativeTarget "DollygramTests" */;
			buildPhases = (
				833618BC1A80324B0040D815 /* Sources */,
				833618BD1A80324B0040D815 /* Frameworks */,
				833618BE1A80324B0040D815 /* Resources */,
			);
			buildRules = (
			);
			dependencies = (
				833618C21A80324B0040D815 /* PBXTargetDependency */,
			);
			name = DollygramTests;
			productName = DollygramTests;
			productReference = 833618C01A80324B0040D815 /* DollygramTests.xctest */;
			productType = "com.apple.product-type.bundle.unit-test";
		};
/* End PBXNativeTarget section */

/* Begin PBXProject section */
		8336189F1A80324B0040D815 /* Project object */ = {
			isa = PBXProject;
			attributes = {
				LastUpgradeCheck = 0610;
				ORGANIZATIONNAME = "Shannon Beck";
				TargetAttributes = {
					833618A61A80324B0040D815 = {
						CreatedOnToolsVersion = 6.1.1;
					};
					833618BF1A80324B0040D815 = {
						CreatedOnToolsVersion = 6.1.1;
						TestTargetID = 833618A61A80324B0040D815;
					};
				};
			};
			buildConfigurationList = 833618A21A80324B0040D815 /* Build configuration list for PBXProject "Dollygram" */;
			compatibilityVersion = "Xcode 3.2";
			developmentRegion = English;
			hasScannedForEncodings = 0;
			knownRegions = (
				en,
				Base,
			);
			mainGroup = 8336189E1A80324B0040D815;
			productRefGroup = 833618A81A80324B0040D815 /* Products */;
			projectDirPath = "";
			projectRoot = "";
			targets = (
				833618A61A80324B0040D815 /* Dollygram */,
				833618BF1A80324B0040D815 /* DollygramTests */,
			);
		};
/* End PBXProject section */

/* Begin PBXResourcesBuildPhase section */
		833618A51A80324B0040D815 /* Resources */ = {
			isa = PBXResourcesBuildPhase;
			buildActionMask = 2147483647;
			files = (
				833618B61A80324B0040D815 /* Main.storyboard in Resources */,
				833618BB1A80324B0040D815 /* LaunchScreen.xib in Resources */,
				833618B81A80324B0040D815 /* Images.xcassets in Resources */,
			);
			runOnlyForDeploymentPostprocessing = 0;
		};
		833618BE1A80324B0040D815 /* Resources */ = {
			isa = PBXResourcesBuildPhase;
			buildActionMask = 2147483647;
			files = (
			);
			runOnlyForDeploymentPostprocessing = 0;
		};
/* End PBXResourcesBuildPhase section */

/* Begin PBXSourcesBuildPhase section */
		833618A31A80324B0040D815 /* Sources */ = {
			isa = PBXSourcesBuildPhase;
			buildActionMask = 2147483647;
			files = (
				833618D41A8037140040D815 /* LoginViewController.m in Sources */,
				8332C5A81A81DA4300DFF26C /* SearchViewController.m in Sources */,
				8336190F1A806B390040D815 /* SharePhotoViewController.m in Sources */,
				838436C71A81A9E800D0AF7E /* CustomTableViewCell.m in Sources */,
				8328185D1A81DE540073ED69 /* SearchCollectionViewCell.m in Sources */,
				833618D71A80371E0040D815 /* SignUpViewController.m in Sources */,
				838436C31A8184FD00D0AF7E /* HomeFeedViewController.m in Sources */,
				833618B01A80324B0040D815 /* AppDelegate.m in Sources */,
				8336190B1A8062C30040D815 /* PictureViewController.m in Sources */,
				833618DA1A80372B0040D815 /* ProfileViewController.m in Sources */,
				832818601A81E94A0073ED69 /* ProfileCollectionViewCell.m in Sources */,
				8332C5A51A81D19700DFF26C /* CircleViewController.m in Sources */,
				833618AD1A80324B0040D815 /* main.m in Sources */,
				833618E81A8039900040D815 /* SettingsViewController.m in Sources */,
				8336190C1A8062C30040D815 /* ApprovalViewController.m in Sources */,
			);
			runOnlyForDeploymentPostprocessing = 0;
		};
		833618BC1A80324B0040D815 /* Sources */ = {
			isa = PBXSourcesBuildPhase;
			buildActionMask = 2147483647;
			files = (
				833618C71A80324B0040D815 /* DollygramTests.m in Sources */,
			);
			runOnlyForDeploymentPostprocessing = 0;
		};
/* End PBXSourcesBuildPhase section */

/* Begin PBXTargetDependency section */
		833618C21A80324B0040D815 /* PBXTargetDependency */ = {
			isa = PBXTargetDependency;
			target = 833618A61A80324B0040D815 /* Dollygram */;
			targetProxy = 833618C11A80324B0040D815 /* PBXContainerItemProxy */;
		};
/* End PBXTargetDependency section */

/* Begin PBXVariantGroup section */
		833618B41A80324B0040D815 /* Main.storyboard */ = {
			isa = PBXVariantGroup;
			children = (
				833618B51A80324B0040D815 /* Base */,
			);
			name = Main.storyboard;
			sourceTree = "<group>";
		};
		833618B91A80324B0040D815 /* LaunchScreen.xib */ = {
			isa = PBXVariantGroup;
			children = (
				833618BA1A80324B0040D815 /* Base */,
			);
			name = LaunchScreen.xib;
			sourceTree = "<group>";
		};
/* End PBXVariantGroup section */

/* Begin XCBuildConfiguration section */
		833618C81A80324B0040D815 /* Debug */ = {
			isa = XCBuildConfiguration;
			buildSettings = {
				ALWAYS_SEARCH_USER_PATHS = NO;
				CLANG_CXX_LANGUAGE_STANDARD = "gnu++0x";
				CLANG_CXX_LIBRARY = "libc++";
				CLANG_ENABLE_MODULES = YES;
				CLANG_ENABLE_OBJC_ARC = YES;
				CLANG_WARN_BOOL_CONVERSION = YES;
				CLANG_WARN_CONSTANT_CONVERSION = YES;
				CLANG_WARN_DIRECT_OBJC_ISA_USAGE = YES_ERROR;
				CLANG_WARN_EMPTY_BODY = YES;
				CLANG_WARN_ENUM_CONVERSION = YES;
				CLANG_WARN_INT_CONVERSION = YES;
				CLANG_WARN_OBJC_ROOT_CLASS = YES_ERROR;
				CLANG_WARN_UNREACHABLE_CODE = YES;
				CLANG_WARN__DUPLICATE_METHOD_MATCH = YES;
				"CODE_SIGN_IDENTITY[sdk=iphoneos*]" = "iPhone Developer";
				COPY_PHASE_STRIP = NO;
				ENABLE_STRICT_OBJC_MSGSEND = YES;
				GCC_C_LANGUAGE_STANDARD = gnu99;
				GCC_DYNAMIC_NO_PIC = NO;
				GCC_OPTIMIZATION_LEVEL = 0;
				GCC_PREPROCESSOR_DEFINITIONS = (
					"DEBUG=1",
					"$(inherited)",
				);
				GCC_SYMBOLS_PRIVATE_EXTERN = NO;
				GCC_WARN_64_TO_32_BIT_CONVERSION = YES;
				GCC_WARN_ABOUT_RETURN_TYPE = YES_ERROR;
				GCC_WARN_UNDECLARED_SELECTOR = YES;
				GCC_WARN_UNINITIALIZED_AUTOS = YES_AGGRESSIVE;
				GCC_WARN_UNUSED_FUNCTION = YES;
				GCC_WARN_UNUSED_VARIABLE = YES;
				IPHONEOS_DEPLOYMENT_TARGET = 8.1;
				MTL_ENABLE_DEBUG_INFO = YES;
				ONLY_ACTIVE_ARCH = YES;
				SDKROOT = iphoneos;
			};
			name = Debug;
		};
		833618C91A80324B0040D815 /* Release */ = {
			isa = XCBuildConfiguration;
			buildSettings = {
				ALWAYS_SEARCH_USER_PATHS = NO;
				CLANG_CXX_LANGUAGE_STANDARD = "gnu++0x";
				CLANG_CXX_LIBRARY = "libc++";
				CLANG_ENABLE_MODULES = YES;
				CLANG_ENABLE_OBJC_ARC = YES;
				CLANG_WARN_BOOL_CONVERSION = YES;
				CLANG_WARN_CONSTANT_CONVERSION = YES;
				CLANG_WARN_DIRECT_OBJC_ISA_USAGE = YES_ERROR;
				CLANG_WARN_EMPTY_BODY = YES;
				CLANG_WARN_ENUM_CONVERSION = YES;
				CLANG_WARN_INT_CONVERSION = YES;
				CLANG_WARN_OBJC_ROOT_CLASS = YES_ERROR;
				CLANG_WARN_UNREACHABLE_CODE = YES;
				CLANG_WARN__DUPLICATE_METHOD_MATCH = YES;
				"CODE_SIGN_IDENTITY[sdk=iphoneos*]" = "iPhone Developer";
				COPY_PHASE_STRIP = YES;
				ENABLE_NS_ASSERTIONS = NO;
				ENABLE_STRICT_OBJC_MSGSEND = YES;
				GCC_C_LANGUAGE_STANDARD = gnu99;
				GCC_WARN_64_TO_32_BIT_CONVERSION = YES;
				GCC_WARN_ABOUT_RETURN_TYPE = YES_ERROR;
				GCC_WARN_UNDECLARED_SELECTOR = YES;
				GCC_WARN_UNINITIALIZED_AUTOS = YES_AGGRESSIVE;
				GCC_WARN_UNUSED_FUNCTION = YES;
				GCC_WARN_UNUSED_VARIABLE = YES;
				IPHONEOS_DEPLOYMENT_TARGET = 8.1;
				MTL_ENABLE_DEBUG_INFO = NO;
				SDKROOT = iphoneos;
				VALIDATE_PRODUCT = YES;
			};
			name = Release;
		};
		833618CB1A80324B0040D815 /* Debug */ = {
			isa = XCBuildConfiguration;
			buildSettings = {
				ASSETCATALOG_COMPILER_APPICON_NAME = AppIcon;
				FRAMEWORK_SEARCH_PATHS = (
					"$(inherited)",
					"$(PROJECT_DIR)/Dollygram/parse-library-1",
				);
				INFOPLIST_FILE = Dollygram/Info.plist;
				LD_RUNPATH_SEARCH_PATHS = "$(inherited) @executable_path/Frameworks";
				PRODUCT_NAME = "$(TARGET_NAME)";
			};
			name = Debug;
		};
		833618CC1A80324B0040D815 /* Release */ = {
			isa = XCBuildConfiguration;
			buildSettings = {
				ASSETCATALOG_COMPILER_APPICON_NAME = AppIcon;
				FRAMEWORK_SEARCH_PATHS = (
					"$(inherited)",
					"$(PROJECT_DIR)/Dollygram/parse-library-1",
				);
				INFOPLIST_FILE = Dollygram/Info.plist;
				LD_RUNPATH_SEARCH_PATHS = "$(inherited) @executable_path/Frameworks";
				PRODUCT_NAME = "$(TARGET_NAME)";
			};
			name = Release;
		};
		833618CE1A80324B0040D815 /* Debug */ = {
			isa = XCBuildConfiguration;
			buildSettings = {
				BUNDLE_LOADER = "$(TEST_HOST)";
				FRAMEWORK_SEARCH_PATHS = (
					"$(SDKROOT)/Developer/Library/Frameworks",
					"$(inherited)",
				);
				GCC_PREPROCESSOR_DEFINITIONS = (
					"DEBUG=1",
					"$(inherited)",
				);
				INFOPLIST_FILE = DollygramTests/Info.plist;
				LD_RUNPATH_SEARCH_PATHS = "$(inherited) @executable_path/Frameworks @loader_path/Frameworks";
				PRODUCT_NAME = "$(TARGET_NAME)";
				TEST_HOST = "$(BUILT_PRODUCTS_DIR)/Dollygram.app/Dollygram";
			};
			name = Debug;
		};
		833618CF1A80324B0040D815 /* Release */ = {
			isa = XCBuildConfiguration;
			buildSettings = {
				BUNDLE_LOADER = "$(TEST_HOST)";
				FRAMEWORK_SEARCH_PATHS = (
					"$(SDKROOT)/Developer/Library/Frameworks",
					"$(inherited)",
				);
				INFOPLIST_FILE = DollygramTests/Info.plist;
				LD_RUNPATH_SEARCH_PATHS = "$(inherited) @executable_path/Frameworks @loader_path/Frameworks";
				PRODUCT_NAME = "$(TARGET_NAME)";
				TEST_HOST = "$(BUILT_PRODUCTS_DIR)/Dollygram.app/Dollygram";
			};
			name = Release;
		};
/* End XCBuildConfiguration section */

/* Begin XCConfigurationList section */
		833618A21A80324B0040D815 /* Build configuration list for PBXProject "Dollygram" */ = {
			isa = XCConfigurationList;
			buildConfigurations = (
				833618C81A80324B0040D815 /* Debug */,
				833618C91A80324B0040D815 /* Release */,
			);
			defaultConfigurationIsVisible = 0;
			defaultConfigurationName = Release;
		};
		833618CA1A80324B0040D815 /* Build configuration list for PBXNativeTarget "Dollygram" */ = {
			isa = XCConfigurationList;
			buildConfigurations = (
				833618CB1A80324B0040D815 /* Debug */,
				833618CC1A80324B0040D815 /* Release */,
			);
			defaultConfigurationIsVisible = 0;
			defaultConfigurationName = Release;
		};
		833618CD1A80324B0040D815 /* Build configuration list for PBXNativeTarget "DollygramTests" */ = {
			isa = XCConfigurationList;
			buildConfigurations = (
				833618CE1A80324B0040D815 /* Debug */,
				833618CF1A80324B0040D815 /* Release */,
			);
			defaultConfigurationIsVisible = 0;
			defaultConfigurationName = Release;
		};
/* End XCConfigurationList section */
	};
	rootObject = 8336189F1A80324B0040D815 /* Project object */;
}
